
Microsoft Visual Studio Solution File, Format Version 12.00
# Visual Studio Version 17
VisualStudioVersion = 17.8.34511.84
MinimumVisualStudioVersion = 10.0.40219.1
Project("{FAE04EC0-301F-11D3-BF4B-00C04F79EFBC}") = "FINALPROJECT", "FINALPROJECT\FINALPROJECT.csproj", "{BD25062E-AA02-4FC5-A869-ED03A447CF36}"
EndProject
Global
	GlobalSection(SolutionConfigurationPlatforms) = preSolution
		Debug|Any CPU = Debug|Any CPU
		Release|Any CPU = Release|Any CPU
	EndGlobalSection
	GlobalSection(ProjectConfigurationPlatforms) = postSolution
		{BD25062E-AA02-4FC5-A869-ED03A447CF36}.Debug|Any CPU.ActiveCfg = Debug|Any CPU
		{BD25062E-AA02-4FC5-A869-ED03A447CF36}.Debug|Any CPU.Build.0 = Debug|Any CPU
		{BD25062E-AA02-4FC5-A869-ED03A447CF36}.Release|Any CPU.ActiveCfg = Release|Any CPU
		{BD25062E-AA02-4FC5-A869-ED03A447CF36}.Release|Any CPU.Build.0 = Release|Any CPU
	EndGlobalSection
	GlobalSection(SolutionProperties) = preSolution
		HideSolutionNode = FALSE
	EndGlobalSection
	GlobalSection(ExtensibilityGlobals) = postSolution
		SolutionGuid = {0E60DA74-438B-4AA0-A591-951E9E25DC84}
	EndGlobalSection
EndGlobal
